{
  "name": "keepassxc.org",
  "version": "1.0.0",
  "lockfileVersion": 2,
  "requires": true,
  "packages": {
    "": {
      "name": "keepassxc.org",
      "version": "1.0.0",
      "license": "GPL-3.0-or-later",
      "dependencies": {
        "@fortawesome/fontawesome-free": "^6.3.0",
        "jquery": "^3.6.4",
        "ua-parser-js": "^1.0.34",
        "uikit": "^3.16.9"
      }
    },
    "node_modules/@fortawesome/fontawesome-free": {
      "version": "6.3.0",
      "resolved": "https://registry.npmjs.org/@fortawesome/fontawesome-free/-/fontawesome-free-6.3.0.tgz",
      "integrity": "sha512-qVtd5i1Cc7cdrqnTWqTObKQHjPWAiRwjUPaXObaeNPcy7+WKxJumGBx66rfSFgK6LNpIasVKkEgW8oyf0tmPLA==",
      "hasInstallScript": true,
      "engines": {
        "node": ">=6"
      }
    },
    "node_modules/jquery": {
      "version": "3.6.4",
      "resolved": "https://registry.npmjs.org/jquery/-/jquery-3.6.4.tgz",
      "integrity": "sha512-v28EW9DWDFpzcD9O5iyJXg3R3+q+mET5JhnjJzQUZMHOv67bpSIHq81GEYpPNZHG+XXHsfSme3nxp/hndKEcsQ=="
    },
    "node_modules/ua-parser-js": {
      "version": "1.0.34",
      "resolved": "https://registry.npmjs.org/ua-parser-js/-/ua-parser-js-1.0.34.tgz",
      "integrity": "sha512-K9mwJm/DaB6mRLZfw6q8IMXipcrmuT6yfhYmwhAkuh+81sChuYstYA+znlgaflUPaYUa3odxKPKGw6Vw/lANew==",
      "funding": [
        {
          "type": "opencollective",
          "url": "https://opencollective.com/ua-parser-js"
        },
        {
          "type": "paypal",
          "url": "https://paypal.me/faisalman"
        }
      ],
      "engines": {
        "node": "*"
      }
    },
    "node_modules/uikit": {
      "version": "3.16.9",
      "resolved": "https://registry.npmjs.org/uikit/-/uikit-3.16.9.tgz",
      "integrity": "sha512-kpKWlt/SkXpxUuSwIBXJhJ7a5N8ghnsuWJYwgzlmV/ROzsq+8m0UR5Bh3yrq3kNCgQdNLH1Ue7s7RPWW/Z+o9w=="
    }
  },
  "dependencies": {
    "@fortawesome/fontawesome-free": {
      "version": "6.3.0",
      "resolved": "https://registry.npmjs.org/@fortawesome/fontawesome-free/-/fontawesome-free-6.3.0.tgz",
      "integrity": "sha512-qVtd5i1Cc7cdrqnTWqTObKQHjPWAiRwjUPaXObaeNPcy7+WKxJumGBx66rfSFgK6LNpIasVKkEgW8oyf0tmPLA=="
    },
    "jquery": {
      "version": "3.6.4",
      "resolved": "https://registry.npmjs.org/jquery/-/jquery-3.6.4.tgz",
      "integrity": "sha512-v28EW9DWDFpzcD9O5iyJXg3R3+q+mET5JhnjJzQUZMHOv67bpSIHq81GEYpPNZHG+XXHsfSme3nxp/hndKEcsQ=="
    },
    "ua-parser-js": {
      "version": "1.0.34",
      "resolved": "https://registry.npmjs.org/ua-parser-js/-/ua-parser-js-1.0.34.tgz",
      "integrity": "sha512-K9mwJm/DaB6mRLZfw6q8IMXipcrmuT6yfhYmwhAkuh+81sChuYstYA+znlgaflUPaYUa3odxKPKGw6Vw/lANew=="
    },
    "uikit": {
      "version": "3.16.9",
      "resolved": "https://registry.npmjs.org/uikit/-/uikit-3.16.9.tgz",
      "integrity": "sha512-kpKWlt/SkXpxUuSwIBXJhJ7a5N8ghnsuWJYwgzlmV/ROzsq+8m0UR5Bh3yrq3kNCgQdNLH1Ue7s7RPWW/Z+o9w=="
    }
  }
}
